{
  "name": "@astera/evaluation-verification-engine",
  "version": "2.0.0",
  "lockfileVersion": 3,
  "requires": true,
  "packages": {
    "": {
      "name": "@astera/evaluation-verification-engine",
      "version": "2.0.0",
      "license": "UNLICENSED",
      "bin": {"astera-evaluate": "cli/evaluate.js", "astera-qce": "cli/evaluate.js"},
      "engines": {"node": ">=22.0.0"}
    }
  }
}
